Microsoft Visual Studio Solution File, Format Version 12.00
# Visual Studio 2013
VisualStudioVersion = 12.0.21005.1
MinimumVisualStudioVersion = 10.0.40219.1
Project("{2150E333-8FDC-42A3-9474-1A3956D46DE8}") = "Solution Items", "Solution Items", "{F71F7B94-0737-46A1-B8C9-20C75CCFEB92}"
	ProjectSection(SolutionItems) = preProject
		Build\Common.include = Build\Common.include
		PostSharp-1.5.build = PostSharp-1.5.build
	EndProjectSection
	ProjectSection(FolderStartupServices) = postProject
		{B4F97281-0DBD-4835-9ED8-7DFB966E87FF} = {B4F97281-0DBD-4835-9ED8-7DFB966E87FF}
	EndProjectSection
EndProject
Project("{FAE04EC0-301F-11D3-BF4B-00C04F79EFBC}") = "PostSharp.Public", "Core\PostSharp.Public\PostSharp.Public.csproj", "{481CE092-840C-401F-964D-76CC2F47E012}"
EndProject
Project("{FAE04EC0-301F-11D3-BF4B-00C04F79EFBC}") = "PostSharp.Laos", "Laos\PostSharp.Laos\PostSharp.Laos.csproj", "{31373F37-00AD-459E-A10D-8EDAACAE2731}"
EndProject
Project("{FAE04EC0-301F-11D3-BF4B-00C04F79EFBC}") = "PostSharp.AspNet", "Core\PostSharp.AspNet\PostSharp.AspNet.csproj", "{AAAF1ACF-DAE8-4C09-9488-C01FEBF09BAA}"
EndProject
Project("{FAE04EC0-301F-11D3-BF4B-00C04F79EFBC}") = "PostSharp.Core", "PostSharp.Corex\PostSharp.Core.csproj", "{5F5509FC-717A-4CC4-90F7-45DAFC8EB46F}"
EndProject
Project("{FAE04EC0-301F-11D3-BF4B-00C04F79EFBC}") = "PostSharp.Console", "PostSharp.Consolex\PostSharp.Console.csproj", "{B59A8963-71DC-4293-9611-255C6CAAC920}"
EndProject
Project("{FAE04EC0-301F-11D3-BF4B-00C04F79EFBC}") = "PostSharp.NAntTasksx", "PostSharp.NAntTasksx\PostSharp.NAntTasksx.csproj", "{D14B4C05-C726-4345-861A-E863CD47638C}"
EndProject
Project("{FAE04EC0-301F-11D3-BF4B-00C04F79EFBC}") = "PostSharp.Laos.Weaver", "PostSharp.Laos.Weaverx\PostSharp.Laos.Weaver.csproj", "{DB3DB314-10DE-46B7-8C04-A29E478DA48E}"
EndProject
Project("{FAE04EC0-301F-11D3-BF4B-00C04F79EFBC}") = "PostSharp.MSBuild", "PostSharp.MSBuildx\PostSharp.MSBuild.csproj", "{EBB91BE2-ADB2-43B1-9266-B9B154A873EA}"
EndProject
Project("{FAE04EC0-301F-11D3-BF4B-00C04F79EFBC}") = "PostSharp.Samples.XTrace.Test", "Samples\PostSharp.Samples.XTrace\PostSharp.Samples.XTrace.Test\PostSharp.Samples.XTrace.Test.csproj", "{5AABCF5F-4013-48EC-B5D6-37C6060A2720}"
EndProject
Project("{FAE04EC0-301F-11D3-BF4B-00C04F79EFBC}") = "PostSharp.Samples.XTrace", "Samples\PostSharp.Samples.XTrace\PostSharp.Samples.XTrace\PostSharp.Samples.XTrace.csproj", "{A83A36A8-51E4-4793-A51F-697644AED84A}"
EndProject
Project("{FAE04EC0-301F-11D3-BF4B-00C04F79EFBC}") = "Test", "Test\Test.csproj", "{B18AB651-9052-4582-82C2-EB860F069469}"
EndProject
Global
	GlobalSection(SolutionConfigurationPlatforms) = preSolution
		CodeAnalysis|Any CPU = CodeAnalysis|Any CPU
		CodeAnalysis|Mixed Platforms = CodeAnalysis|Mixed Platforms
		CodeAnalysis|Win32 = CodeAnalysis|Win32
		Debug|Any CPU = Debug|Any CPU
		Debug|Mixed Platforms = Debug|Mixed Platforms
		Debug|Win32 = Debug|Win32
		Doc|Any CPU = Doc|Any CPU
		Doc|Mixed Platforms = Doc|Mixed Platforms
		Doc|Win32 = Doc|Win32
		Release|Any CPU = Release|Any CPU
		Release|Mixed Platforms = Release|Mixed Platforms
		Release|Win32 = Release|Win32
		SkipPostSharp|Any CPU = SkipPostSharp|Any CPU
		SkipPostSharp|Mixed Platforms = SkipPostSharp|Mixed Platforms
		SkipPostSharp|Win32 = SkipPostSharp|Win32
	EndGlobalSection
	GlobalSection(ProjectConfigurationPlatforms) = postSolution
		{481CE092-840C-401F-964D-76CC2F47E012}.CodeAnalysis|Any CPU.ActiveCfg = CodeAnalysis|Any CPU
		{481CE092-840C-401F-964D-76CC2F47E012}.CodeAnalysis|Any CPU.Build.0 = CodeAnalysis|Any CPU
		{481CE092-840C-401F-964D-76CC2F47E012}.CodeAnalysis|Mixed Platforms.ActiveCfg = CodeAnalysis|Any CPU
		{481CE092-840C-401F-964D-76CC2F47E012}.CodeAnalysis|Mixed Platforms.Build.0 = CodeAnalysis|Any CPU
		{481CE092-840C-401F-964D-76CC2F47E012}.CodeAnalysis|Win32.ActiveCfg = CodeAnalysis|Any CPU
		{481CE092-840C-401F-964D-76CC2F47E012}.Debug|Any CPU.ActiveCfg = Debug|Any CPU
		{481CE092-840C-401F-964D-76CC2F47E012}.Debug|Any CPU.Build.0 = Debug|Any CPU
		{481CE092-840C-401F-964D-76CC2F47E012}.Debug|Mixed Platforms.ActiveCfg = Debug|Any CPU
		{481CE092-840C-401F-964D-76CC2F47E012}.Debug|Mixed Platforms.Build.0 = Debug|Any CPU
		{481CE092-840C-401F-964D-76CC2F47E012}.Debug|Win32.ActiveCfg = Debug|Any CPU
		{481CE092-840C-401F-964D-76CC2F47E012}.Doc|Any CPU.ActiveCfg = Doc|Any CPU
		{481CE092-840C-401F-964D-76CC2F47E012}.Doc|Any CPU.Build.0 = Doc|Any CPU
		{481CE092-840C-401F-964D-76CC2F47E012}.Doc|Mixed Platforms.ActiveCfg = Doc|Any CPU
		{481CE092-840C-401F-964D-76CC2F47E012}.Doc|Mixed Platforms.Build.0 = Doc|Any CPU
		{481CE092-840C-401F-964D-76CC2F47E012}.Doc|Win32.ActiveCfg = Doc|Any CPU
		{481CE092-840C-401F-964D-76CC2F47E012}.Release|Any CPU.ActiveCfg = Release|Any CPU
		{481CE092-840C-401F-964D-76CC2F47E012}.Release|Any CPU.Build.0 = Release|Any CPU
		{481CE092-840C-401F-964D-76CC2F47E012}.Release|Mixed Platforms.ActiveCfg = Release|Any CPU
		{481CE092-840C-401F-964D-76CC2F47E012}.Release|Mixed Platforms.Build.0 = Release|Any CPU
		{481CE092-840C-401F-964D-76CC2F47E012}.Release|Win32.ActiveCfg = Release|Any CPU
		{481CE092-840C-401F-964D-76CC2F47E012}.SkipPostSharp|Any CPU.ActiveCfg = Debug|Any CPU
		{481CE092-840C-401F-964D-76CC2F47E012}.SkipPostSharp|Any CPU.Build.0 = Debug|Any CPU
		{481CE092-840C-401F-964D-76CC2F47E012}.SkipPostSharp|Mixed Platforms.ActiveCfg = CodeAnalysis|Any CPU
		{481CE092-840C-401F-964D-76CC2F47E012}.SkipPostSharp|Mixed Platforms.Build.0 = CodeAnalysis|Any CPU
		{481CE092-840C-401F-964D-76CC2F47E012}.SkipPostSharp|Win32.ActiveCfg = CodeAnalysis|Any CPU
		{31373F37-00AD-459E-A10D-8EDAACAE2731}.CodeAnalysis|Any CPU.ActiveCfg = CodeAnalysis|Any CPU
		{31373F37-00AD-459E-A10D-8EDAACAE2731}.CodeAnalysis|Any CPU.Build.0 = CodeAnalysis|Any CPU
		{31373F37-00AD-459E-A10D-8EDAACAE2731}.CodeAnalysis|Mixed Platforms.ActiveCfg = CodeAnalysis|Any CPU
		{31373F37-00AD-459E-A10D-8EDAACAE2731}.CodeAnalysis|Mixed Platforms.Build.0 = CodeAnalysis|Any CPU
		{31373F37-00AD-459E-A10D-8EDAACAE2731}.CodeAnalysis|Win32.ActiveCfg = CodeAnalysis|Any CPU
		{31373F37-00AD-459E-A10D-8EDAACAE2731}.Debug|Any CPU.ActiveCfg = Debug|Any CPU
		{31373F37-00AD-459E-A10D-8EDAACAE2731}.Debug|Any CPU.Build.0 = Debug|Any CPU
		{31373F37-00AD-459E-A10D-8EDAACAE2731}.Debug|Mixed Platforms.ActiveCfg = Debug|Any CPU
		{31373F37-00AD-459E-A10D-8EDAACAE2731}.Debug|Mixed Platforms.Build.0 = Debug|Any CPU
		{31373F37-00AD-459E-A10D-8EDAACAE2731}.Debug|Win32.ActiveCfg = Debug|Any CPU
		{31373F37-00AD-459E-A10D-8EDAACAE2731}.Doc|Any CPU.ActiveCfg = Doc|Any CPU
		{31373F37-00AD-459E-A10D-8EDAACAE2731}.Doc|Any CPU.Build.0 = Doc|Any CPU
		{31373F37-00AD-459E-A10D-8EDAACAE2731}.Doc|Mixed Platforms.ActiveCfg = Doc|Any CPU
		{31373F37-00AD-459E-A10D-8EDAACAE2731}.Doc|Mixed Platforms.Build.0 = Doc|Any CPU
		{31373F37-00AD-459E-A10D-8EDAACAE2731}.Doc|Win32.ActiveCfg = Doc|Any CPU
		{31373F37-00AD-459E-A10D-8EDAACAE2731}.Release|Any CPU.ActiveCfg = Release|Any CPU
		{31373F37-00AD-459E-A10D-8EDAACAE2731}.Release|Any CPU.Build.0 = Release|Any CPU
		{31373F37-00AD-459E-A10D-8EDAACAE2731}.Release|Mixed Platforms.ActiveCfg = Release|Any CPU
		{31373F37-00AD-459E-A10D-8EDAACAE2731}.Release|Mixed Platforms.Build.0 = Release|Any CPU
		{31373F37-00AD-459E-A10D-8EDAACAE2731}.Release|Win32.ActiveCfg = Release|Any CPU
		{31373F37-00AD-459E-A10D-8EDAACAE2731}.SkipPostSharp|Any CPU.ActiveCfg = Debug|Any CPU
		{31373F37-00AD-459E-A10D-8EDAACAE2731}.SkipPostSharp|Any CPU.Build.0 = Debug|Any CPU
		{31373F37-00AD-459E-A10D-8EDAACAE2731}.SkipPostSharp|Mixed Platforms.ActiveCfg = CodeAnalysis|Any CPU
		{31373F37-00AD-459E-A10D-8EDAACAE2731}.SkipPostSharp|Mixed Platforms.Build.0 = CodeAnalysis|Any CPU
		{31373F37-00AD-459E-A10D-8EDAACAE2731}.SkipPostSharp|Win32.ActiveCfg = CodeAnalysis|Any CPU
		{AAAF1ACF-DAE8-4C09-9488-C01FEBF09BAA}.CodeAnalysis|Any CPU.ActiveCfg = Release|Any CPU
		{AAAF1ACF-DAE8-4C09-9488-C01FEBF09BAA}.CodeAnalysis|Any CPU.Build.0 = Release|Any CPU
		{AAAF1ACF-DAE8-4C09-9488-C01FEBF09BAA}.CodeAnalysis|Mixed Platforms.ActiveCfg = Release|Any CPU
		{AAAF1ACF-DAE8-4C09-9488-C01FEBF09BAA}.CodeAnalysis|Mixed Platforms.Build.0 = Release|Any CPU
		{AAAF1ACF-DAE8-4C09-9488-C01FEBF09BAA}.CodeAnalysis|Win32.ActiveCfg = Release|Any CPU
		{AAAF1ACF-DAE8-4C09-9488-C01FEBF09BAA}.Debug|Any CPU.ActiveCfg = Debug|Any CPU
		{AAAF1ACF-DAE8-4C09-9488-C01FEBF09BAA}.Debug|Any CPU.Build.0 = Debug|Any CPU
		{AAAF1ACF-DAE8-4C09-9488-C01FEBF09BAA}.Debug|Mixed Platforms.ActiveCfg = Debug|Any CPU
		{AAAF1ACF-DAE8-4C09-9488-C01FEBF09BAA}.Debug|Mixed Platforms.Build.0 = Debug|Any CPU
		{AAAF1ACF-DAE8-4C09-9488-C01FEBF09BAA}.Debug|Win32.ActiveCfg = Debug|Any CPU
		{AAAF1ACF-DAE8-4C09-9488-C01FEBF09BAA}.Doc|Any CPU.ActiveCfg = Debug|Any CPU
		{AAAF1ACF-DAE8-4C09-9488-C01FEBF09BAA}.Doc|Any CPU.Build.0 = Debug|Any CPU
		{AAAF1ACF-DAE8-4C09-9488-C01FEBF09BAA}.Doc|Mixed Platforms.ActiveCfg = Doc|Any CPU
		{AAAF1ACF-DAE8-4C09-9488-C01FEBF09BAA}.Doc|Mixed Platforms.Build.0 = Doc|Any CPU
		{AAAF1ACF-DAE8-4C09-9488-C01FEBF09BAA}.Doc|Win32.ActiveCfg = Debug|Any CPU
		{AAAF1ACF-DAE8-4C09-9488-C01FEBF09BAA}.Release|Any CPU.ActiveCfg = Release|Any CPU
		{AAAF1ACF-DAE8-4C09-9488-C01FEBF09BAA}.Release|Any CPU.Build.0 = Release|Any CPU
		{AAAF1ACF-DAE8-4C09-9488-C01FEBF09BAA}.Release|Mixed Platforms.ActiveCfg = Release|Any CPU
		{AAAF1ACF-DAE8-4C09-9488-C01FEBF09BAA}.Release|Mixed Platforms.Build.0 = Release|Any CPU
		{AAAF1ACF-DAE8-4C09-9488-C01FEBF09BAA}.Release|Win32.ActiveCfg = Release|Any CPU
		{AAAF1ACF-DAE8-4C09-9488-C01FEBF09BAA}.SkipPostSharp|Any CPU.ActiveCfg = Release|Any CPU
		{AAAF1ACF-DAE8-4C09-9488-C01FEBF09BAA}.SkipPostSharp|Any CPU.Build.0 = Release|Any CPU
		{AAAF1ACF-DAE8-4C09-9488-C01FEBF09BAA}.SkipPostSharp|Mixed Platforms.ActiveCfg = Release|Any CPU
		{AAAF1ACF-DAE8-4C09-9488-C01FEBF09BAA}.SkipPostSharp|Mixed Platforms.Build.0 = Release|Any CPU
		{AAAF1ACF-DAE8-4C09-9488-C01FEBF09BAA}.SkipPostSharp|Win32.ActiveCfg = Release|Any CPU
		{5F5509FC-717A-4CC4-90F7-45DAFC8EB46F}.CodeAnalysis|Any CPU.ActiveCfg = Release|Any CPU
		{5F5509FC-717A-4CC4-90F7-45DAFC8EB46F}.CodeAnalysis|Any CPU.Build.0 = Release|Any CPU
		{5F5509FC-717A-4CC4-90F7-45DAFC8EB46F}.CodeAnalysis|Mixed Platforms.ActiveCfg = Release|Any CPU
		{5F5509FC-717A-4CC4-90F7-45DAFC8EB46F}.CodeAnalysis|Mixed Platforms.Build.0 = Release|Any CPU
		{5F5509FC-717A-4CC4-90F7-45DAFC8EB46F}.CodeAnalysis|Win32.ActiveCfg = Release|Any CPU
		{5F5509FC-717A-4CC4-90F7-45DAFC8EB46F}.CodeAnalysis|Win32.Build.0 = Release|Any CPU
		{5F5509FC-717A-4CC4-90F7-45DAFC8EB46F}.Debug|Any CPU.ActiveCfg = Debug|Any CPU
		{5F5509FC-717A-4CC4-90F7-45DAFC8EB46F}.Debug|Any CPU.Build.0 = Debug|Any CPU
		{5F5509FC-717A-4CC4-90F7-45DAFC8EB46F}.Debug|Mixed Platforms.ActiveCfg = Debug|Any CPU
		{5F5509FC-717A-4CC4-90F7-45DAFC8EB46F}.Debug|Mixed Platforms.Build.0 = Debug|Any CPU
		{5F5509FC-717A-4CC4-90F7-45DAFC8EB46F}.Debug|Win32.ActiveCfg = Debug|Any CPU
		{5F5509FC-717A-4CC4-90F7-45DAFC8EB46F}.Debug|Win32.Build.0 = Debug|Any CPU
		{5F5509FC-717A-4CC4-90F7-45DAFC8EB46F}.Doc|Any CPU.ActiveCfg = Debug|Any CPU
		{5F5509FC-717A-4CC4-90F7-45DAFC8EB46F}.Doc|Any CPU.Build.0 = Debug|Any CPU
		{5F5509FC-717A-4CC4-90F7-45DAFC8EB46F}.Doc|Mixed Platforms.ActiveCfg = Debug|Any CPU
		{5F5509FC-717A-4CC4-90F7-45DAFC8EB46F}.Doc|Mixed Platforms.Build.0 = Debug|Any CPU
		{5F5509FC-717A-4CC4-90F7-45DAFC8EB46F}.Doc|Win32.ActiveCfg = Debug|Any CPU
		{5F5509FC-717A-4CC4-90F7-45DAFC8EB46F}.Doc|Win32.Build.0 = Debug|Any CPU
		{5F5509FC-717A-4CC4-90F7-45DAFC8EB46F}.Release|Any CPU.ActiveCfg = Release|Any CPU
		{5F5509FC-717A-4CC4-90F7-45DAFC8EB46F}.Release|Any CPU.Build.0 = Release|Any CPU
		{5F5509FC-717A-4CC4-90F7-45DAFC8EB46F}.Release|Mixed Platforms.ActiveCfg = Release|Any CPU
		{5F5509FC-717A-4CC4-90F7-45DAFC8EB46F}.Release|Mixed Platforms.Build.0 = Release|Any CPU
		{5F5509FC-717A-4CC4-90F7-45DAFC8EB46F}.Release|Win32.ActiveCfg = Release|Any CPU
		{5F5509FC-717A-4CC4-90F7-45DAFC8EB46F}.Release|Win32.Build.0 = Release|Any CPU
		{5F5509FC-717A-4CC4-90F7-45DAFC8EB46F}.SkipPostSharp|Any CPU.ActiveCfg = Release|Any CPU
		{5F5509FC-717A-4CC4-90F7-45DAFC8EB46F}.SkipPostSharp|Any CPU.Build.0 = Release|Any CPU
		{5F5509FC-717A-4CC4-90F7-45DAFC8EB46F}.SkipPostSharp|Mixed Platforms.ActiveCfg = Release|Any CPU
		{5F5509FC-717A-4CC4-90F7-45DAFC8EB46F}.SkipPostSharp|Mixed Platforms.Build.0 = Release|Any CPU
		{5F5509FC-717A-4CC4-90F7-45DAFC8EB46F}.SkipPostSharp|Win32.ActiveCfg = Release|Any CPU
		{5F5509FC-717A-4CC4-90F7-45DAFC8EB46F}.SkipPostSharp|Win32.Build.0 = Release|Any CPU
		{B59A8963-71DC-4293-9611-255C6CAAC920}.CodeAnalysis|Any CPU.ActiveCfg = Release|Any CPU
		{B59A8963-71DC-4293-9611-255C6CAAC920}.CodeAnalysis|Any CPU.Build.0 = Release|Any CPU
		{B59A8963-71DC-4293-9611-255C6CAAC920}.CodeAnalysis|Mixed Platforms.ActiveCfg = Release|Any CPU
		{B59A8963-71DC-4293-9611-255C6CAAC920}.CodeAnalysis|Mixed Platforms.Build.0 = Release|Any CPU
		{B59A8963-71DC-4293-9611-255C6CAAC920}.CodeAnalysis|Win32.ActiveCfg = Release|Any CPU
		{B59A8963-71DC-4293-9611-255C6CAAC920}.CodeAnalysis|Win32.Build.0 = Release|Any CPU
		{B59A8963-71DC-4293-9611-255C6CAAC920}.Debug|Any CPU.ActiveCfg = Debug|Any CPU
		{B59A8963-71DC-4293-9611-255C6CAAC920}.Debug|Any CPU.Build.0 = Debug|Any CPU
		{B59A8963-71DC-4293-9611-255C6CAAC920}.Debug|Mixed Platforms.ActiveCfg = Debug|Any CPU
		{B59A8963-71DC-4293-9611-255C6CAAC920}.Debug|Mixed Platforms.Build.0 = Debug|Any CPU
		{B59A8963-71DC-4293-9611-255C6CAAC920}.Debug|Win32.ActiveCfg = Debug|Any CPU
		{B59A8963-71DC-4293-9611-255C6CAAC920}.Debug|Win32.Build.0 = Debug|Any CPU
		{B59A8963-71DC-4293-9611-255C6CAAC920}.Doc|Any CPU.ActiveCfg = Debug|Any CPU
		{B59A8963-71DC-4293-9611-255C6CAAC920}.Doc|Any CPU.Build.0 = Debug|Any CPU
		{B59A8963-71DC-4293-9611-255C6CAAC920}.Doc|Mixed Platforms.ActiveCfg = Debug|Any CPU
		{B59A8963-71DC-4293-9611-255C6CAAC920}.Doc|Mixed Platforms.Build.0 = Debug|Any CPU
		{B59A8963-71DC-4293-9611-255C6CAAC920}.Doc|Win32.ActiveCfg = Debug|Any CPU
		{B59A8963-71DC-4293-9611-255C6CAAC920}.Doc|Win32.Build.0 = Debug|Any CPU
		{B59A8963-71DC-4293-9611-255C6CAAC920}.Release|Any CPU.ActiveCfg = Release|Any CPU
		{B59A8963-71DC-4293-9611-255C6CAAC920}.Release|Any CPU.Build.0 = Release|Any CPU
		{B59A8963-71DC-4293-9611-255C6CAAC920}.Release|Mixed Platforms.ActiveCfg = Release|Any CPU
		{B59A8963-71DC-4293-9611-255C6CAAC920}.Release|Mixed Platforms.Build.0 = Release|Any CPU
		{B59A8963-71DC-4293-9611-255C6CAAC920}.Release|Win32.ActiveCfg = Release|Any CPU
		{B59A8963-71DC-4293-9611-255C6CAAC920}.Release|Win32.Build.0 = Release|Any CPU
		{B59A8963-71DC-4293-9611-255C6CAAC920}.SkipPostSharp|Any CPU.ActiveCfg = Release|Any CPU
		{B59A8963-71DC-4293-9611-255C6CAAC920}.SkipPostSharp|Any CPU.Build.0 = Release|Any CPU
		{B59A8963-71DC-4293-9611-255C6CAAC920}.SkipPostSharp|Mixed Platforms.ActiveCfg = Release|Any CPU
		{B59A8963-71DC-4293-9611-255C6CAAC920}.SkipPostSharp|Mixed Platforms.Build.0 = Release|Any CPU
		{B59A8963-71DC-4293-9611-255C6CAAC920}.SkipPostSharp|Win32.ActiveCfg = Release|Any CPU
		{B59A8963-71DC-4293-9611-255C6CAAC920}.SkipPostSharp|Win32.Build.0 = Release|Any CPU
		{D14B4C05-C726-4345-861A-E863CD47638C}.CodeAnalysis|Any CPU.ActiveCfg = Release|Any CPU
		{D14B4C05-C726-4345-861A-E863CD47638C}.CodeAnalysis|Any CPU.Build.0 = Release|Any CPU
		{D14B4C05-C726-4345-861A-E863CD47638C}.CodeAnalysis|Mixed Platforms.ActiveCfg = Release|Any CPU
		{D14B4C05-C726-4345-861A-E863CD47638C}.CodeAnalysis|Mixed Platforms.Build.0 = Release|Any CPU
		{D14B4C05-C726-4345-861A-E863CD47638C}.CodeAnalysis|Win32.ActiveCfg = Release|Any CPU
		{D14B4C05-C726-4345-861A-E863CD47638C}.Debug|Any CPU.ActiveCfg = Debug|Any CPU
		{D14B4C05-C726-4345-861A-E863CD47638C}.Debug|Any CPU.Build.0 = Debug|Any CPU
		{D14B4C05-C726-4345-861A-E863CD47638C}.Debug|Mixed Platforms.ActiveCfg = Debug|Any CPU
		{D14B4C05-C726-4345-861A-E863CD47638C}.Debug|Mixed Platforms.Build.0 = Debug|Any CPU
		{D14B4C05-C726-4345-861A-E863CD47638C}.Debug|Win32.ActiveCfg = Debug|Any CPU
		{D14B4C05-C726-4345-861A-E863CD47638C}.Doc|Any CPU.ActiveCfg = Debug|Any CPU
		{D14B4C05-C726-4345-861A-E863CD47638C}.Doc|Any CPU.Build.0 = Debug|Any CPU
		{D14B4C05-C726-4345-861A-E863CD47638C}.Doc|Mixed Platforms.ActiveCfg = Debug|Any CPU
		{D14B4C05-C726-4345-861A-E863CD47638C}.Doc|Mixed Platforms.Build.0 = Debug|Any CPU
		{D14B4C05-C726-4345-861A-E863CD47638C}.Doc|Win32.ActiveCfg = Debug|Any CPU
		{D14B4C05-C726-4345-861A-E863CD47638C}.Release|Any CPU.ActiveCfg = Release|Any CPU
		{D14B4C05-C726-4345-861A-E863CD47638C}.Release|Any CPU.Build.0 = Release|Any CPU
		{D14B4C05-C726-4345-861A-E863CD47638C}.Release|Mixed Platforms.ActiveCfg = Release|Any CPU
		{D14B4C05-C726-4345-861A-E863CD47638C}.Release|Mixed Platforms.Build.0 = Release|Any CPU
		{D14B4C05-C726-4345-861A-E863CD47638C}.Release|Win32.ActiveCfg = Release|Any CPU
		{D14B4C05-C726-4345-861A-E863CD47638C}.SkipPostSharp|Any CPU.ActiveCfg = Release|Any CPU
		{D14B4C05-C726-4345-861A-E863CD47638C}.SkipPostSharp|Any CPU.Build.0 = Release|Any CPU
		{D14B4C05-C726-4345-861A-E863CD47638C}.SkipPostSharp|Mixed Platforms.ActiveCfg = Release|Any CPU
		{D14B4C05-C726-4345-861A-E863CD47638C}.SkipPostSharp|Mixed Platforms.Build.0 = Release|Any CPU
		{D14B4C05-C726-4345-861A-E863CD47638C}.SkipPostSharp|Win32.ActiveCfg = Release|Any CPU
		{DB3DB314-10DE-46B7-8C04-A29E478DA48E}.CodeAnalysis|Any CPU.ActiveCfg = Release|Any CPU
		{DB3DB314-10DE-46B7-8C04-A29E478DA48E}.CodeAnalysis|Any CPU.Build.0 = Release|Any CPU
		{DB3DB314-10DE-46B7-8C04-A29E478DA48E}.CodeAnalysis|Mixed Platforms.ActiveCfg = Release|Any CPU
		{DB3DB314-10DE-46B7-8C04-A29E478DA48E}.CodeAnalysis|Mixed Platforms.Build.0 = Release|Any CPU
		{DB3DB314-10DE-46B7-8C04-A29E478DA48E}.CodeAnalysis|Win32.ActiveCfg = Release|Any CPU
		{DB3DB314-10DE-46B7-8C04-A29E478DA48E}.Debug|Any CPU.ActiveCfg = Debug|Any CPU
		{DB3DB314-10DE-46B7-8C04-A29E478DA48E}.Debug|Any CPU.Build.0 = Debug|Any CPU
		{DB3DB314-10DE-46B7-8C04-A29E478DA48E}.Debug|Mixed Platforms.ActiveCfg = Debug|Any CPU
		{DB3DB314-10DE-46B7-8C04-A29E478DA48E}.Debug|Mixed Platforms.Build.0 = Debug|Any CPU
		{DB3DB314-10DE-46B7-8C04-A29E478DA48E}.Debug|Win32.ActiveCfg = Debug|Any CPU
		{DB3DB314-10DE-46B7-8C04-A29E478DA48E}.Doc|Any CPU.ActiveCfg = Debug|Any CPU
		{DB3DB314-10DE-46B7-8C04-A29E478DA48E}.Doc|Any CPU.Build.0 = Debug|Any CPU
		{DB3DB314-10DE-46B7-8C04-A29E478DA48E}.Doc|Mixed Platforms.ActiveCfg = Debug|Any CPU
		{DB3DB314-10DE-46B7-8C04-A29E478DA48E}.Doc|Mixed Platforms.Build.0 = Debug|Any CPU
		{DB3DB314-10DE-46B7-8C04-A29E478DA48E}.Doc|Win32.ActiveCfg = Debug|Any CPU
		{DB3DB314-10DE-46B7-8C04-A29E478DA48E}.Release|Any CPU.ActiveCfg = Release|Any CPU
		{DB3DB314-10DE-46B7-8C04-A29E478DA48E}.Release|Any CPU.Build.0 = Release|Any CPU
		{DB3DB314-10DE-46B7-8C04-A29E478DA48E}.Release|Mixed Platforms.ActiveCfg = Release|Any CPU
		{DB3DB314-10DE-46B7-8C04-A29E478DA48E}.Release|Mixed Platforms.Build.0 = Release|Any CPU
		{DB3DB314-10DE-46B7-8C04-A29E478DA48E}.Release|Win32.ActiveCfg = Release|Any CPU
		{DB3DB314-10DE-46B7-8C04-A29E478DA48E}.SkipPostSharp|Any CPU.ActiveCfg = Release|Any CPU
		{DB3DB314-10DE-46B7-8C04-A29E478DA48E}.SkipPostSharp|Any CPU.Build.0 = Release|Any CPU
		{DB3DB314-10DE-46B7-8C04-A29E478DA48E}.SkipPostSharp|Mixed Platforms.ActiveCfg = Release|Any CPU
		{DB3DB314-10DE-46B7-8C04-A29E478DA48E}.SkipPostSharp|Mixed Platforms.Build.0 = Release|Any CPU
		{DB3DB314-10DE-46B7-8C04-A29E478DA48E}.SkipPostSharp|Win32.ActiveCfg = Release|Any CPU
		{EBB91BE2-ADB2-43B1-9266-B9B154A873EA}.CodeAnalysis|Any CPU.ActiveCfg = Release|Any CPU
		{EBB91BE2-ADB2-43B1-9266-B9B154A873EA}.CodeAnalysis|Any CPU.Build.0 = Release|Any CPU
		{EBB91BE2-ADB2-43B1-9266-B9B154A873EA}.CodeAnalysis|Mixed Platforms.ActiveCfg = Release|Any CPU
		{EBB91BE2-ADB2-43B1-9266-B9B154A873EA}.CodeAnalysis|Mixed Platforms.Build.0 = Release|Any CPU
		{EBB91BE2-ADB2-43B1-9266-B9B154A873EA}.CodeAnalysis|Win32.ActiveCfg = Release|Any CPU
		{EBB91BE2-ADB2-43B1-9266-B9B154A873EA}.Debug|Any CPU.ActiveCfg = Debug|Any CPU
		{EBB91BE2-ADB2-43B1-9266-B9B154A873EA}.Debug|Any CPU.Build.0 = Debug|Any CPU
		{EBB91BE2-ADB2-43B1-9266-B9B154A873EA}.Debug|Mixed Platforms.ActiveCfg = Debug|Any CPU
		{EBB91BE2-ADB2-43B1-9266-B9B154A873EA}.Debug|Mixed Platforms.Build.0 = Debug|Any CPU
		{EBB91BE2-ADB2-43B1-9266-B9B154A873EA}.Debug|Win32.ActiveCfg = Debug|Any CPU
		{EBB91BE2-ADB2-43B1-9266-B9B154A873EA}.Doc|Any CPU.ActiveCfg = Debug|Any CPU
		{EBB91BE2-ADB2-43B1-9266-B9B154A873EA}.Doc|Any CPU.Build.0 = Debug|Any CPU
		{EBB91BE2-ADB2-43B1-9266-B9B154A873EA}.Doc|Mixed Platforms.ActiveCfg = Debug|Any CPU
		{EBB91BE2-ADB2-43B1-9266-B9B154A873EA}.Doc|Mixed Platforms.Build.0 = Debug|Any CPU
		{EBB91BE2-ADB2-43B1-9266-B9B154A873EA}.Doc|Win32.ActiveCfg = Debug|Any CPU
		{EBB91BE2-ADB2-43B1-9266-B9B154A873EA}.Release|Any CPU.ActiveCfg = Release|Any CPU
		{EBB91BE2-ADB2-43B1-9266-B9B154A873EA}.Release|Any CPU.Build.0 = Release|Any CPU
		{EBB91BE2-ADB2-43B1-9266-B9B154A873EA}.Release|Mixed Platforms.ActiveCfg = Release|Any CPU
		{EBB91BE2-ADB2-43B1-9266-B9B154A873EA}.Release|Mixed Platforms.Build.0 = Release|Any CPU
		{EBB91BE2-ADB2-43B1-9266-B9B154A873EA}.Release|Win32.ActiveCfg = Release|Any CPU
		{EBB91BE2-ADB2-43B1-9266-B9B154A873EA}.SkipPostSharp|Any CPU.ActiveCfg = Release|Any CPU
		{EBB91BE2-ADB2-43B1-9266-B9B154A873EA}.SkipPostSharp|Any CPU.Build.0 = Release|Any CPU
		{EBB91BE2-ADB2-43B1-9266-B9B154A873EA}.SkipPostSharp|Mixed Platforms.ActiveCfg = Release|Any CPU
		{EBB91BE2-ADB2-43B1-9266-B9B154A873EA}.SkipPostSharp|Mixed Platforms.Build.0 = Release|Any CPU
		{EBB91BE2-ADB2-43B1-9266-B9B154A873EA}.SkipPostSharp|Win32.ActiveCfg = Release|Any CPU
		{5AABCF5F-4013-48EC-B5D6-37C6060A2720}.CodeAnalysis|Any CPU.ActiveCfg = SkipPostSharp|Any CPU
		{5AABCF5F-4013-48EC-B5D6-37C6060A2720}.CodeAnalysis|Any CPU.Build.0 = SkipPostSharp|Any CPU
		{5AABCF5F-4013-48EC-B5D6-37C6060A2720}.CodeAnalysis|Mixed Platforms.ActiveCfg = SkipPostSharp|Any CPU
		{5AABCF5F-4013-48EC-B5D6-37C6060A2720}.CodeAnalysis|Mixed Platforms.Build.0 = SkipPostSharp|Any CPU
		{5AABCF5F-4013-48EC-B5D6-37C6060A2720}.CodeAnalysis|Win32.ActiveCfg = SkipPostSharp|Any CPU
		{5AABCF5F-4013-48EC-B5D6-37C6060A2720}.Debug|Any CPU.ActiveCfg = Debug|Any CPU
		{5AABCF5F-4013-48EC-B5D6-37C6060A2720}.Debug|Any CPU.Build.0 = Debug|Any CPU
		{5AABCF5F-4013-48EC-B5D6-37C6060A2720}.Debug|Mixed Platforms.ActiveCfg = Debug|Any CPU
		{5AABCF5F-4013-48EC-B5D6-37C6060A2720}.Debug|Mixed Platforms.Build.0 = Debug|Any CPU
		{5AABCF5F-4013-48EC-B5D6-37C6060A2720}.Debug|Win32.ActiveCfg = Debug|Any CPU
		{5AABCF5F-4013-48EC-B5D6-37C6060A2720}.Doc|Any CPU.ActiveCfg = Debug|Any CPU
		{5AABCF5F-4013-48EC-B5D6-37C6060A2720}.Doc|Any CPU.Build.0 = Debug|Any CPU
		{5AABCF5F-4013-48EC-B5D6-37C6060A2720}.Doc|Mixed Platforms.ActiveCfg = Debug|Any CPU
		{5AABCF5F-4013-48EC-B5D6-37C6060A2720}.Doc|Mixed Platforms.Build.0 = Debug|Any CPU
		{5AABCF5F-4013-48EC-B5D6-37C6060A2720}.Doc|Win32.ActiveCfg = Debug|Any CPU
		{5AABCF5F-4013-48EC-B5D6-37C6060A2720}.Release|Any CPU.ActiveCfg = Release|Any CPU
		{5AABCF5F-4013-48EC-B5D6-37C6060A2720}.Release|Any CPU.Build.0 = Release|Any CPU
		{5AABCF5F-4013-48EC-B5D6-37C6060A2720}.Release|Mixed Platforms.ActiveCfg = Release|Any CPU
		{5AABCF5F-4013-48EC-B5D6-37C6060A2720}.Release|Mixed Platforms.Build.0 = Release|Any CPU
		{5AABCF5F-4013-48EC-B5D6-37C6060A2720}.Release|Win32.ActiveCfg = Release|Any CPU
		{5AABCF5F-4013-48EC-B5D6-37C6060A2720}.SkipPostSharp|Any CPU.ActiveCfg = SkipPostSharp|Any CPU
		{5AABCF5F-4013-48EC-B5D6-37C6060A2720}.SkipPostSharp|Any CPU.Build.0 = SkipPostSharp|Any CPU
		{5AABCF5F-4013-48EC-B5D6-37C6060A2720}.SkipPostSharp|Mixed Platforms.ActiveCfg = SkipPostSharp|Any CPU
		{5AABCF5F-4013-48EC-B5D6-37C6060A2720}.SkipPostSharp|Mixed Platforms.Build.0 = SkipPostSharp|Any CPU
		{5AABCF5F-4013-48EC-B5D6-37C6060A2720}.SkipPostSharp|Win32.ActiveCfg = SkipPostSharp|Any CPU
		{A83A36A8-51E4-4793-A51F-697644AED84A}.CodeAnalysis|Any CPU.ActiveCfg = Release|Any CPU
		{A83A36A8-51E4-4793-A51F-697644AED84A}.CodeAnalysis|Any CPU.Build.0 = Release|Any CPU
		{A83A36A8-51E4-4793-A51F-697644AED84A}.CodeAnalysis|Mixed Platforms.ActiveCfg = Release|Any CPU
		{A83A36A8-51E4-4793-A51F-697644AED84A}.CodeAnalysis|Mixed Platforms.Build.0 = Release|Any CPU
		{A83A36A8-51E4-4793-A51F-697644AED84A}.CodeAnalysis|Win32.ActiveCfg = Release|Any CPU
		{A83A36A8-51E4-4793-A51F-697644AED84A}.Debug|Any CPU.ActiveCfg = Debug|Any CPU
		{A83A36A8-51E4-4793-A51F-697644AED84A}.Debug|Any CPU.Build.0 = Debug|Any CPU
		{A83A36A8-51E4-4793-A51F-697644AED84A}.Debug|Mixed Platforms.ActiveCfg = Debug|Any CPU
		{A83A36A8-51E4-4793-A51F-697644AED84A}.Debug|Mixed Platforms.Build.0 = Debug|Any CPU
		{A83A36A8-51E4-4793-A51F-697644AED84A}.Debug|Win32.ActiveCfg = Debug|Any CPU
		{A83A36A8-51E4-4793-A51F-697644AED84A}.Doc|Any CPU.ActiveCfg = Debug|Any CPU
		{A83A36A8-51E4-4793-A51F-697644AED84A}.Doc|Any CPU.Build.0 = Debug|Any CPU
		{A83A36A8-51E4-4793-A51F-697644AED84A}.Doc|Mixed Platforms.ActiveCfg = Debug|Any CPU
		{A83A36A8-51E4-4793-A51F-697644AED84A}.Doc|Mixed Platforms.Build.0 = Debug|Any CPU
		{A83A36A8-51E4-4793-A51F-697644AED84A}.Doc|Win32.ActiveCfg = Debug|Any CPU
		{A83A36A8-51E4-4793-A51F-697644AED84A}.Release|Any CPU.ActiveCfg = Release|Any CPU
		{A83A36A8-51E4-4793-A51F-697644AED84A}.Release|Any CPU.Build.0 = Release|Any CPU
		{A83A36A8-51E4-4793-A51F-697644AED84A}.Release|Mixed Platforms.ActiveCfg = Release|Any CPU
		{A83A36A8-51E4-4793-A51F-697644AED84A}.Release|Mixed Platforms.Build.0 = Release|Any CPU
		{A83A36A8-51E4-4793-A51F-697644AED84A}.Release|Win32.ActiveCfg = Release|Any CPU
		{A83A36A8-51E4-4793-A51F-697644AED84A}.SkipPostSharp|Any CPU.ActiveCfg = Release|Any CPU
		{A83A36A8-51E4-4793-A51F-697644AED84A}.SkipPostSharp|Any CPU.Build.0 = Release|Any CPU
		{A83A36A8-51E4-4793-A51F-697644AED84A}.SkipPostSharp|Mixed Platforms.ActiveCfg = Release|Any CPU
		{A83A36A8-51E4-4793-A51F-697644AED84A}.SkipPostSharp|Mixed Platforms.Build.0 = Release|Any CPU
		{A83A36A8-51E4-4793-A51F-697644AED84A}.SkipPostSharp|Win32.ActiveCfg = Release|Any CPU
		{B18AB651-9052-4582-82C2-EB860F069469}.CodeAnalysis|Any CPU.ActiveCfg = Release|Any CPU
		{B18AB651-9052-4582-82C2-EB860F069469}.CodeAnalysis|Any CPU.Build.0 = Release|Any CPU
		{B18AB651-9052-4582-82C2-EB860F069469}.CodeAnalysis|Mixed Platforms.ActiveCfg = Release|Any CPU
		{B18AB651-9052-4582-82C2-EB860F069469}.CodeAnalysis|Mixed Platforms.Build.0 = Release|Any CPU
		{B18AB651-9052-4582-82C2-EB860F069469}.CodeAnalysis|Win32.ActiveCfg = Release|Any CPU
		{B18AB651-9052-4582-82C2-EB860F069469}.Debug|Any CPU.ActiveCfg = Debug|Any CPU
		{B18AB651-9052-4582-82C2-EB860F069469}.Debug|Any CPU.Build.0 = Debug|Any CPU
		{B18AB651-9052-4582-82C2-EB860F069469}.Debug|Mixed Platforms.ActiveCfg = Debug|Any CPU
		{B18AB651-9052-4582-82C2-EB860F069469}.Debug|Mixed Platforms.Build.0 = Debug|Any CPU
		{B18AB651-9052-4582-82C2-EB860F069469}.Debug|Win32.ActiveCfg = Debug|Any CPU
		{B18AB651-9052-4582-82C2-EB860F069469}.Doc|Any CPU.ActiveCfg = Debug|Any CPU
		{B18AB651-9052-4582-82C2-EB860F069469}.Doc|Any CPU.Build.0 = Debug|Any CPU
		{B18AB651-9052-4582-82C2-EB860F069469}.Doc|Mixed Platforms.ActiveCfg = Debug|Any CPU
		{B18AB651-9052-4582-82C2-EB860F069469}.Doc|Mixed Platforms.Build.0 = Debug|Any CPU
		{B18AB651-9052-4582-82C2-EB860F069469}.Doc|Win32.ActiveCfg = Debug|Any CPU
		{B18AB651-9052-4582-82C2-EB860F069469}.Release|Any CPU.ActiveCfg = Release|Any CPU
		{B18AB651-9052-4582-82C2-EB860F069469}.Release|Any CPU.Build.0 = Release|Any CPU
		{B18AB651-9052-4582-82C2-EB860F069469}.Release|Mixed Platforms.ActiveCfg = Release|Any CPU
		{B18AB651-9052-4582-82C2-EB860F069469}.Release|Mixed Platforms.Build.0 = Release|Any CPU
		{B18AB651-9052-4582-82C2-EB860F069469}.Release|Win32.ActiveCfg = Release|Any CPU
		{B18AB651-9052-4582-82C2-EB860F069469}.SkipPostSharp|Any CPU.ActiveCfg = Release|Any CPU
		{B18AB651-9052-4582-82C2-EB860F069469}.SkipPostSharp|Any CPU.Build.0 = Release|Any CPU
		{B18AB651-9052-4582-82C2-EB860F069469}.SkipPostSharp|Mixed Platforms.ActiveCfg = Release|Any CPU
		{B18AB651-9052-4582-82C2-EB860F069469}.SkipPostSharp|Mixed Platforms.Build.0 = Release|Any CPU
		{B18AB651-9052-4582-82C2-EB860F069469}.SkipPostSharp|Win32.ActiveCfg = Release|Any CPU
	EndGlobalSection
	GlobalSection(SolutionProperties) = preSolution
		HideSolutionNode = FALSE
	EndGlobalSection
	GlobalSection(TextTemplating) = postSolution
		TextTemplating = 1
	EndGlobalSection
EndGlobal
