
Microsoft Visual Studio Solution File, Format Version 10.00
# Visual Studio 2008
Project("{FAE04EC0-301F-11D3-BF4B-00C04F79EFBC}") = "PostSharp.Samples.Silverlight.Test", "PostSharp.Samples.Silverlight.Test\PostSharp.Samples.Silverlight.Test.csproj", "{6930CDD8-A14D-451C-B979-6B02715049C6}"
	ProjectSection(ProjectDependencies) = postProject
		{8BD2AA57-02F8-4070-9820-A2E761920ACD} = {8BD2AA57-02F8-4070-9820-A2E761920ACD}
	EndProjectSection
EndProject
Project("{FAE04EC0-301F-11D3-BF4B-00C04F79EFBC}") = "PostSharp.Samples.Silverlight.Aspects", "PostSharp.Samples.Silverlight.Aspects\PostSharp.Samples.Silverlight.Aspects.csproj", "{56E4E493-CD99-4BE8-86B1-CF764459637D}"
EndProject
Project("{FAE04EC0-301F-11D3-BF4B-00C04F79EFBC}") = "PostSharp.Samples.Silverlight.Impl", "PostSharp.Samples.Silverlight.Impl\PostSharp.Samples.Silverlight.Impl.csproj", "{8BD2AA57-02F8-4070-9820-A2E761920ACD}"
EndProject
Global
	GlobalSection(SolutionConfigurationPlatforms) = preSolution
		Debug|Any CPU = Debug|Any CPU
		Release|Any CPU = Release|Any CPU
	EndGlobalSection
	GlobalSection(ProjectConfigurationPlatforms) = postSolution
		{6930CDD8-A14D-451C-B979-6B02715049C6}.Debug|Any CPU.ActiveCfg = Debug|Any CPU
		{6930CDD8-A14D-451C-B979-6B02715049C6}.Debug|Any CPU.Build.0 = Debug|Any CPU
		{6930CDD8-A14D-451C-B979-6B02715049C6}.Release|Any CPU.ActiveCfg = Release|Any CPU
		{6930CDD8-A14D-451C-B979-6B02715049C6}.Release|Any CPU.Build.0 = Release|Any CPU
		{56E4E493-CD99-4BE8-86B1-CF764459637D}.Debug|Any CPU.ActiveCfg = Debug|Any CPU
		{56E4E493-CD99-4BE8-86B1-CF764459637D}.Debug|Any CPU.Build.0 = Debug|Any CPU
		{56E4E493-CD99-4BE8-86B1-CF764459637D}.Release|Any CPU.ActiveCfg = Release|Any CPU
		{56E4E493-CD99-4BE8-86B1-CF764459637D}.Release|Any CPU.Build.0 = Release|Any CPU
		{8BD2AA57-02F8-4070-9820-A2E761920ACD}.Debug|Any CPU.ActiveCfg = Debug|Any CPU
		{8BD2AA57-02F8-4070-9820-A2E761920ACD}.Debug|Any CPU.Build.0 = Debug|Any CPU
		{8BD2AA57-02F8-4070-9820-A2E761920ACD}.Release|Any CPU.ActiveCfg = Release|Any CPU
		{8BD2AA57-02F8-4070-9820-A2E761920ACD}.Release|Any CPU.Build.0 = Release|Any CPU
	EndGlobalSection
	GlobalSection(SolutionProperties) = preSolution
		HideSolutionNode = FALSE
	EndGlobalSection
EndGlobal
